
Microsoft Visual Studio Solution File, Format Version 12.00
# Visual Studio Version 16
VisualStudioVersion = 16.0.34114.132
MinimumVisualStudioVersion = 10.0.40219.1
Project("{9A19103F-16F7-4668-BE54-9A1E7A4F7556}") = "RemoveDuplicatesFromSortedArray", "RemoveDuplicatesFromSortedArray\RemoveDuplicatesFromSortedArray.csproj", "{A17413AF-7814-418A-94D6-A4A7E40A199F}"
EndProject
Project("{9A19103F-16F7-4668-BE54-9A1E7A4F7556}") = "RotateArray", "RotateArray\RotateArray.csproj", "{7DC2C2C5-AF2E-4D59-B815-E74F8BED08BC}"
EndProject
Project("{2150E333-8FDC-42A3-9474-1A3956D46DE8}") = "EasyCollection", "EasyCollection", "{AA399CEC-12A6-403E-B272-4DAAA5BB2B6C}"
EndProject
Project("{FAE04EC0-301F-11D3-BF4B-00C04F79EFBC}") = "BestTimeToBuyAndSellStock", "BestTimeToBuyAndSellStock\BestTimeToBuyAndSellStock.csproj", "{868D7166-DCF4-49EC-85A7-C4FFAD60E336}"
EndProject
Global
	GlobalSection(SolutionConfigurationPlatforms) = preSolution
		Debug|Any CPU = Debug|Any CPU
		Release|Any CPU = Release|Any CPU
	EndGlobalSection
	GlobalSection(ProjectConfigurationPlatforms) = postSolution
		{A17413AF-7814-418A-94D6-A4A7E40A199F}.Debug|Any CPU.ActiveCfg = Debug|Any CPU
		{A17413AF-7814-418A-94D6-A4A7E40A199F}.Debug|Any CPU.Build.0 = Debug|Any CPU
		{A17413AF-7814-418A-94D6-A4A7E40A199F}.Release|Any CPU.ActiveCfg = Release|Any CPU
		{A17413AF-7814-418A-94D6-A4A7E40A199F}.Release|Any CPU.Build.0 = Release|Any CPU
		{7DC2C2C5-AF2E-4D59-B815-E74F8BED08BC}.Debug|Any CPU.ActiveCfg = Debug|Any CPU
		{7DC2C2C5-AF2E-4D59-B815-E74F8BED08BC}.Debug|Any CPU.Build.0 = Debug|Any CPU
		{7DC2C2C5-AF2E-4D59-B815-E74F8BED08BC}.Release|Any CPU.ActiveCfg = Release|Any CPU
		{7DC2C2C5-AF2E-4D59-B815-E74F8BED08BC}.Release|Any CPU.Build.0 = Release|Any CPU
		{868D7166-DCF4-49EC-85A7-C4FFAD60E336}.Debug|Any CPU.ActiveCfg = Debug|Any CPU
		{868D7166-DCF4-49EC-85A7-C4FFAD60E336}.Debug|Any CPU.Build.0 = Debug|Any CPU
		{868D7166-DCF4-49EC-85A7-C4FFAD60E336}.Release|Any CPU.ActiveCfg = Release|Any CPU
		{868D7166-DCF4-49EC-85A7-C4FFAD60E336}.Release|Any CPU.Build.0 = Release|Any CPU
	EndGlobalSection
	GlobalSection(SolutionProperties) = preSolution
		HideSolutionNode = FALSE
	EndGlobalSection
	GlobalSection(NestedProjects) = preSolution
		{A17413AF-7814-418A-94D6-A4A7E40A199F} = {AA399CEC-12A6-403E-B272-4DAAA5BB2B6C}
		{7DC2C2C5-AF2E-4D59-B815-E74F8BED08BC} = {AA399CEC-12A6-403E-B272-4DAAA5BB2B6C}
		{868D7166-DCF4-49EC-85A7-C4FFAD60E336} = {AA399CEC-12A6-403E-B272-4DAAA5BB2B6C}
	EndGlobalSection
	GlobalSection(ExtensibilityGlobals) = postSolution
		SolutionGuid = {644C0D67-C2C0-40E8-BD12-59F7F3CC2EE9}
	EndGlobalSection
EndGlobal
